// !$*UTF8*$!
{
	archiveVersion = 1;
	classes = {
	};
	objectVersion = 53;
	objects = {

/* Begin PBXBuildFile section */
		01869FCB20F51E0200A378F2 /* AppDelegate.swift in Sources */ = {isa = PBXBuildFile; fileRef = 01869FCA20F51E0200A378F2 /* AppDelegate.swift */; };
		01869FCD20F51E0200A378F2 /* ViewController.swift in Sources */ = {isa = PBXBuildFile; fileRef = 01869FCC20F51E0200A378F2 /* ViewController.swift */; };
		01869FD020F51E0200A378F2 /* Main.storyboard in Resources */ = {isa = PBXBuildFile; fileRef = 01869FCE20F51E0200A378F2 /* Main.storyboard */; };
		01869FD220F51E0300A378F2 /* Assets.xcassets in Resources */ = {isa = PBXBuildFile; fileRef = 01869FD120F51E0300A378F2 /* Assets.xcassets */; };
		01869FD520F51E0300A378F2 /* LaunchScreen.storyboard in Resources */ = {isa = PBXBuildFile; fileRef = 01869FD320F51E0300A378F2 /* LaunchScreen.storyboard */; };
		019958DF211769560072B3AB /* MnistModel.mlmodel in Sources */ = {isa = PBXBuildFile; fileRef = 019958DE211769560072B3AB /* MnistModel.mlmodel */; };
		01AEDED620F669680072807C /* DrawingImageView.swift in Sources */ = {isa = PBXBuildFile; fileRef = 01AEDED520F669680072807C /* DrawingImageView.swift */; };
		01D841A120F90DA00052FDC3 /* Question.swift in Sources */ = {isa = PBXBuildFile; fileRef = 01D841A020F90DA00052FDC3 /* Question.swift */; };
		01D841A320F90E280052FDC3 /* QuestionsFactory.swift in Sources */ = {isa = PBXBuildFile; fileRef = 01D841A220F90E280052FDC3 /* QuestionsFactory.swift */; };
/* End PBXBuildFile section */

/* Begin PBXFileReference section */
		01869FC720F51E0200A378F2 /* 07-MathsTraining.app */ = {isa = PBXFileReference; explicitFileType = wrapper.application; includeInIndex = 0; path = "07-MathsTraining.app"; sourceTree = BUILT_PRODUCTS_DIR; };
		01869FCA20F51E0200A378F2 /* AppDelegate.swift */ = {isa = PBXFileReference; lastKnownFileType = sourcecode.swift; path = AppDelegate.swift; sourceTree = "<group>"; };
		01869FCC20F51E0200A378F2 /* ViewController.swift */ = {isa = PBXFileReference; lastKnownFileType = sourcecode.swift; path = ViewController.swift; sourceTree = "<group>"; };
		01869FCF20F51E0200A378F2 /* Base */ = {isa = PBXFileReference; lastKnownFileType = file.storyboard; name = Base; path = Base.lproj/Main.storyboard; sourceTree = "<group>"; };
		01869FD120F51E0300A378F2 /* Assets.xcassets */ = {isa = PBXFileReference; lastKnownFileType = folder.assetcatalog; path = Assets.xcassets; sourceTree = "<group>"; };
		01869FD420F51E0300A378F2 /* Base */ = {isa = PBXFileReference; lastKnownFileType = file.storyboard; name = Base; path = Base.lproj/LaunchScreen.storyboard; sourceTree = "<group>"; };
		01869FD620F51E0300A378F2 /* Info.plist */ = {isa = PBXFileReference; lastKnownFileType = text.plist.xml; path = Info.plist; sourceTree = "<group>"; };
		019958DE211769560072B3AB /* MnistModel.mlmodel */ = {isa = PBXFileReference; lastKnownFileType = file.mlmodel; name = MnistModel.mlmodel; path = ../../../tools/MnistModel.mlmodel; sourceTree = "<group>"; };
		01AEDED520F669680072807C /* DrawingImageView.swift */ = {isa = PBXFileReference; lastKnownFileType = sourcecode.swift; path = DrawingImageView.swift; sourceTree = "<group>"; };
		01D841A020F90DA00052FDC3 /* Question.swift */ = {isa = PBXFileReference; lastKnownFileType = sourcecode.swift; path = Question.swift; sourceTree = "<group>"; };
		01D841A220F90E280052FDC3 /* QuestionsFactory.swift */ = {isa = PBXFileReference; lastKnownFileType = sourcecode.swift; path = QuestionsFactory.swift; sourceTree = "<group>"; };
/* End PBXFileReference section */

/* Begin PBXFrameworksBuildPhase section */
		01869FC420F51E0200A378F2 /* Frameworks */ = {
			isa = PBXFrameworksBuildPhase;
			buildActionMask = 2147483647;
			files = (
			);
			runOnlyForDeploymentPostprocessing = 0;
		};
/* End PBXFrameworksBuildPhase section */

/* Begin PBXGroup section */
		01869FBE20F51E0200A378F2 = {
			isa = PBXGroup;
			children = (
				01869FC920F51E0200A378F2 /* 07-MathsTraining */,
				01869FC820F51E0200A378F2 /* Products */,
			);
			sourceTree = "<group>";
		};
		01869FC820F51E0200A378F2 /* Products */ = {
			isa = PBXGroup;
			children = (
				01869FC720F51E0200A378F2 /* 07-MathsTraining.app */,
			);
			name = Products;
			sourceTree = "<group>";
		};
		01869FC920F51E0200A378F2 /* 07-MathsTraining */ = {
			isa = PBXGroup;
			children = (
				01AEDED920F669930072807C /* Controller */,
				01AEDED720F6698B0072807C /* Model */,
				01AEDED820F6698F0072807C /* View */,
				01AEDEDA20F669980072807C /* Supporting Files */,
			);
			path = "07-MathsTraining";
			sourceTree = "<group>";
		};
		01AEDED720F6698B0072807C /* Model */ = {
			isa = PBXGroup;
			children = (
				01D841A020F90DA00052FDC3 /* Question.swift */,
				01D841A220F90E280052FDC3 /* QuestionsFactory.swift */,
			);
			path = Model;
			sourceTree = "<group>";
		};
		01AEDED820F6698F0072807C /* View */ = {
			isa = PBXGroup;
			children = (
				01AEDED520F669680072807C /* DrawingImageView.swift */,
				01869FCE20F51E0200A378F2 /* Main.storyboard */,
				01869FD320F51E0300A378F2 /* LaunchScreen.storyboard */,
			);
			path = View;
			sourceTree = "<group>";
		};
		01AEDED920F669930072807C /* Controller */ = {
			isa = PBXGroup;
			children = (
				01869FCA20F51E0200A378F2 /* AppDelegate.swift */,
				01869FCC20F51E0200A378F2 /* ViewController.swift */,
			);
			path = Controller;
			sourceTree = "<group>";
		};
		01AEDEDA20F669980072807C /* Supporting Files */ = {
			isa = PBXGroup;
			children = (
				019958DE211769560072B3AB /* MnistModel.mlmodel */,
				01869FD120F51E0300A378F2 /* Assets.xcassets */,
				01869FD620F51E0300A378F2 /* Info.plist */,
			);
			path = "Supporting Files";
			sourceTree = "<group>";
		};
/* End PBXGroup section */

/* Begin PBXNativeTarget section */
		01869FC620F51E0200A378F2 /* 07-MathsTraining */ = {
			isa = PBXNativeTarget;
			buildConfigurationList = 01869FD920F51E0300A378F2 /* Build configuration list for PBXNativeTarget "07-MathsTraining" */;
			buildPhases = (
				01869FC320F51E0200A378F2 /* Sources */,
				01869FC420F51E0200A378F2 /* Frameworks */,
				01869FC520F51E0200A378F2 /* Resources */,
			);
			buildRules = (
			);
			dependencies = (
			);
			name = "07-MathsTraining";
			productName = "07-MathsTraining";
			productReference = 01869FC720F51E0200A378F2 /* 07-MathsTraining.app */;
			productType = "com.apple.product-type.application";
		};
/* End PBXNativeTarget section */

/* Begin PBXProject section */
		01869FBF20F51E0200A378F2 /* Project object */ = {
			isa = PBXProject;
			attributes = {
				BuildIndependentTargetsInParallel = YES;
				LastSwiftUpdateCheck = 1000;
				LastUpgradeCheck = 1430;
				ORGANIZATIONNAME = Frogames;
				TargetAttributes = {
					01869FC620F51E0200A378F2 = {
						CreatedOnToolsVersion = 10.0;
						LastSwiftMigration = "";
					};
				};
			};
			buildConfigurationList = 01869FC220F51E0200A378F2 /* Build configuration list for PBXProject "07-MathsTraining" */;
			compatibilityVersion = "Xcode 9.3";
			developmentRegion = en;
			hasScannedForEncodings = 0;
			knownRegions = (
				en,
				Base,
			);
			mainGroup = 01869FBE20F51E0200A378F2;
			productRefGroup = 01869FC820F51E0200A378F2 /* Products */;
			projectDirPath = "";
			projectRoot = "";
			targets = (
				01869FC620F51E0200A378F2 /* 07-MathsTraining */,
			);
		};
/* End PBXProject section */

/* Begin PBXResourcesBuildPhase section */
		01869FC520F51E0200A378F2 /* Resources */ = {
			isa = PBXResourcesBuildPhase;
			buildActionMask = 2147483647;
			files = (
				01869FD520F51E0300A378F2 /* LaunchScreen.storyboard in Resources */,
				01869FD220F51E0300A378F2 /* Assets.xcassets in Resources */,
				01869FD020F51E0200A378F2 /* Main.storyboard in Resources */,
			);
			runOnlyForDeploymentPostprocessing = 0;
		};
/* End PBXResourcesBuildPhase section */

/* Begin PBXSourcesBuildPhase section */
		01869FC320F51E0200A378F2 /* Sources */ = {
			isa = PBXSourcesBuildPhase;
			buildActionMask = 2147483647;
			files = (
				01869FCD20F51E0200A378F2 /* ViewController.swift in Sources */,
				01D841A320F90E280052FDC3 /* QuestionsFactory.swift in Sources */,
				019958DF211769560072B3AB /* MnistModel.mlmodel in Sources */,
				01D841A120F90DA00052FDC3 /* Question.swift in Sources */,
				01869FCB20F51E0200A378F2 /* AppDelegate.swift in Sources */,
				01AEDED620F669680072807C /* DrawingImageView.swift in Sources */,
			);
			runOnlyForDeploymentPostprocessing = 0;
		};
/* End PBXSourcesBuildPhase section */

/* Begin PBXVariantGroup section */
		01869FCE20F51E0200A378F2 /* Main.storyboard */ = {
			isa = PBXVariantGroup;
			children = (
				01869FCF20F51E0200A378F2 /* Base */,
			);
			name = Main.storyboard;
			sourceTree = "<group>";
		};
		01869FD320F51E0300A378F2 /* LaunchScreen.storyboard */ = {
			isa = PBXVariantGroup;
			children = (
				01869FD420F51E0300A378F2 /* Base */,
			);
			name = LaunchScreen.storyboard;
			sourceTree = "<group>";
		};
/* End PBXVariantGroup section */

/* Begin XCBuildConfiguration section */
		01869FD720F51E0300A378F2 /* Debug */ = {
			isa = XCBuildConfiguration;
			buildSettings = {
				ALWAYS_SEARCH_USER_PATHS = NO;
				CLANG_ANALYZER_NONNULL = YES;
				CLANG_ANALYZER_NUMBER_OBJECT_CONVERSION = YES_AGGRESSIVE;
				CLANG_CXX_LANGUAGE_STANDARD = "gnu++14";
				CLANG_CXX_LIBRARY = "libc++";
				CLANG_ENABLE_MODULES = YES;
				CLANG_ENABLE_OBJC_ARC = YES;
				CLANG_ENABLE_OBJC_WEAK = YES;
				CLANG_WARN_BLOCK_CAPTURE_AUTORELEASING = YES;
				CLANG_WARN_BOOL_CONVERSION = YES;
				CLANG_WARN_COMMA = YES;
				CLANG_WARN_CONSTANT_CONVERSION = YES;
				CLANG_WARN_DEPRECATED_OBJC_IMPLEMENTATIONS = YES;
				CLANG_WARN_DIRECT_OBJC_ISA_USAGE = YES_ERROR;
				CLANG_WARN_DOCUMENTATION_COMMENTS = YES;
				CLANG_WARN_EMPTY_BODY = YES;
				CLANG_WARN_ENUM_CONVERSION = YES;
				CLANG_WARN_INFINITE_RECURSION = YES;
				CLANG_WARN_INT_CONVERSION = YES;
				CLANG_WARN_NON_LITERAL_NULL_CONVERSION = YES;
				CLANG_WARN_OBJC_IMPLICIT_RETAIN_SELF = YES;
				CLANG_WARN_OBJC_LITERAL_CONVERSION = YES;
				CLANG_WARN_OBJC_ROOT_CLASS = YES_ERROR;
				CLANG_WARN_QUOTED_INCLUDE_IN_FRAMEWORK_HEADER = YES;
				CLANG_WARN_RANGE_LOOP_ANALYSIS = YES;
				CLANG_WARN_STRICT_PROTOTYPES = YES;
				CLANG_WARN_SUSPICIOUS_MOVE = YES;
				CLANG_WARN_UNGUARDED_AVAILABILITY = YES_AGGRESSIVE;
				CLANG_WARN_UNREACHABLE_CODE = YES;
				CLANG_WARN__DUPLICATE_METHOD_MATCH = YES;
				CODE_SIGN_IDENTITY = "iPhone Developer";
				COPY_PHASE_STRIP = NO;
				DEBUG_INFORMATION_FORMAT = dwarf;
				ENABLE_STRICT_OBJC_MSGSEND = YES;
				ENABLE_TESTABILITY = YES;
				GCC_C_LANGUAGE_STANDARD = gnu11;
				GCC_DYNAMIC_NO_PIC = NO;
				GCC_NO_COMMON_BLOCKS = YES;
				GCC_OPTIMIZATION_LEVEL = 0;
				GCC_PREPROCESSOR_DEFINITIONS = (
					"DEBUG=1",
					"$(inherited)",
				);
				GCC_WARN_64_TO_32_BIT_CONVERSION = YES;
				GCC_WARN_ABOUT_RETURN_TYPE = YES_ERROR;
				GCC_WARN_UNDECLARED_SELECTOR = YES;
				GCC_WARN_UNINITIALIZED_AUTOS = YES_AGGRESSIVE;
				GCC_WARN_UNUSED_FUNCTION = YES;
				GCC_WARN_UNUSED_VARIABLE = YES;
				IPHONEOS_DEPLOYMENT_TARGET = 16.4;
				MTL_ENABLE_DEBUG_INFO = INCLUDE_SOURCE;
				ONLY_ACTIVE_ARCH = YES;
				SDKROOT = iphoneos;
				SWIFT_ACTIVE_COMPILATION_CONDITIONS = DEBUG;
				SWIFT_OPTIMIZATION_LEVEL = "-Onone";
			};
			name = Debug;
		};
		01869FD820F51E0300A378F2 /* Release */ = {
			isa = XCBuildConfiguration;
			buildSettings = {
				ALWAYS_SEARCH_USER_PATHS = NO;
				CLANG_ANALYZER_NONNULL = YES;
				CLANG_ANALYZER_NUMBER_OBJECT_CONVERSION = YES_AGGRESSIVE;
				CLANG_CXX_LANGUAGE_STANDARD = "gnu++14";
				CLANG_CXX_LIBRARY = "libc++";
				CLANG_ENABLE_MODULES = YES;
				CLANG_ENABLE_OBJC_ARC = YES;
				CLANG_ENABLE_OBJC_WEAK = YES;
				CLANG_WARN_BLOCK_CAPTURE_AUTORELEASING = YES;
				CLANG_WARN_BOOL_CONVERSION = YES;
				CLANG_WARN_COMMA = YES;
				CLANG_WARN_CONSTANT_CONVERSION = YES;
				CLANG_WARN_DEPRECATED_OBJC_IMPLEMENTATIONS = YES;
				CLANG_WARN_DIRECT_OBJC_ISA_USAGE = YES_ERROR;
				CLANG_WARN_DOCUMENTATION_COMMENTS = YES;
				CLANG_WARN_EMPTY_BODY = YES;
				CLANG_WARN_ENUM_CONVERSION = YES;
				CLANG_WARN_INFINITE_RECURSION = YES;
				CLANG_WARN_INT_CONVERSION = YES;
				CLANG_WARN_NON_LITERAL_NULL_CONVERSION = YES;
				CLANG_WARN_OBJC_IMPLICIT_RETAIN_SELF = YES;
				CLANG_WARN_OBJC_LITERAL_CONVERSION = YES;
				CLANG_WARN_OBJC_ROOT_CLASS = YES_ERROR;
				CLANG_WARN_QUOTED_INCLUDE_IN_FRAMEWORK_HEADER = YES;
				CLANG_WARN_RANGE_LOOP_ANALYSIS = YES;
				CLANG_WARN_STRICT_PROTOTYPES = YES;
				CLANG_WARN_SUSPICIOUS_MOVE = YES;
				CLANG_WARN_UNGUARDED_AVAILABILITY = YES_AGGRESSIVE;
				CLANG_WARN_UNREACHABLE_CODE = YES;
				CLANG_WARN__DUPLICATE_METHOD_MATCH = YES;
				CODE_SIGN_IDENTITY = "iPhone Developer";
				COPY_PHASE_STRIP = NO;
				DEBUG_INFORMATION_FORMAT = "dwarf-with-dsym";
				ENABLE_NS_ASSERTIONS = NO;
				ENABLE_STRICT_OBJC_MSGSEND = YES;
				GCC_C_LANGUAGE_STANDARD = gnu11;
				GCC_NO_COMMON_BLOCKS = YES;
				GCC_WARN_64_TO_32_BIT_CONVERSION = YES;
				GCC_WARN_ABOUT_RETURN_TYPE = YES_ERROR;
				GCC_WARN_UNDECLARED_SELECTOR = YES;
				GCC_WARN_UNINITIALIZED_AUTOS = YES_AGGRESSIVE;
				GCC_WARN_UNUSED_FUNCTION = YES;
				GCC_WARN_UNUSED_VARIABLE = YES;
				IPHONEOS_DEPLOYMENT_TARGET = 16.4;
				MTL_ENABLE_DEBUG_INFO = NO;
				SDKROOT = iphoneos;
				SWIFT_COMPILATION_MODE = wholemodule;
				SWIFT_OPTIMIZATION_LEVEL = "-O";
				VALIDATE_PRODUCT = YES;
			};
			name = Release;
		};
		01869FDA20F51E0300A378F2 /* Debug */ = {
			isa = XCBuildConfiguration;
			buildSettings = {
				ASSETCATALOG_COMPILER_APPICON_NAME = AppIcon;
				CODE_SIGN_STYLE = Automatic;
				DEVELOPMENT_TEAM = LV4V48ATK9;
				INFOPLIST_FILE = "$(SRCROOT)/07-MathsTraining/Supporting Files/Info.plist";
				IPHONEOS_DEPLOYMENT_TARGET = 16.4;
				LD_RUNPATH_SEARCH_PATHS = (
					"$(inherited)",
					"@executable_path/Frameworks",
				);
				PRODUCT_BUNDLE_IDENTIFIER = com.juangabriel.MathsTraining;
				PRODUCT_NAME = "$(TARGET_NAME)";
				SWIFT_VERSION = 5.0;
				TARGETED_DEVICE_FAMILY = "1,2";
			};
			name = Debug;
		};
		01869FDB20F51E0300A378F2 /* Release */ = {
			isa = XCBuildConfiguration;
			buildSettings = {
				ASSETCATALOG_COMPILER_APPICON_NAME = AppIcon;
				CODE_SIGN_STYLE = Automatic;
				DEVELOPMENT_TEAM = LV4V48ATK9;
				INFOPLIST_FILE = "$(SRCROOT)/07-MathsTraining/Supporting Files/Info.plist";
				IPHONEOS_DEPLOYMENT_TARGET = 16.4;
				LD_RUNPATH_SEARCH_PATHS = (
					"$(inherited)",
					"@executable_path/Frameworks",
				);
				PRODUCT_BUNDLE_IDENTIFIER = com.juangabriel.MathsTraining;
				PRODUCT_NAME = "$(TARGET_NAME)";
				SWIFT_VERSION = 5.0;
				TARGETED_DEVICE_FAMILY = "1,2";
			};
			name = Release;
		};
/* End XCBuildConfiguration section */

/* Begin XCConfigurationList section */
		01869FC220F51E0200A378F2 /* Build configuration list for PBXProject "07-MathsTraining" */ = {
			isa = XCConfigurationList;
			buildConfigurations = (
				01869FD720F51E0300A378F2 /* Debug */,
				01869FD820F51E0300A378F2 /* Release */,
			);
			defaultConfigurationIsVisible = 0;
			defaultConfigurationName = Release;
		};
		01869FD920F51E0300A378F2 /* Build configuration list for PBXNativeTarget "07-MathsTraining" */ = {
			isa = XCConfigurationList;
			buildConfigurations = (
				01869FDA20F51E0300A378F2 /* Debug */,
				01869FDB20F51E0300A378F2 /* Release */,
			);
			defaultConfigurationIsVisible = 0;
			defaultConfigurationName = Release;
		};
/* End XCConfigurationList section */
	};
	rootObject = 01869FBF20F51E0200A378F2 /* Project object */;
}
