// !$*UTF8*$!
{
	archiveVersion = 1;
	classes = {
	};
	objectVersion = 53;
	objects = {

/* Begin PBXBuildFile section */
		01138CC520EBD4CC00A2F61C /* AppDelegate.swift in Sources */ = {isa = PBXBuildFile; fileRef = 01138CC420EBD4CC00A2F61C /* AppDelegate.swift */; };
		01138CC720EBD4CC00A2F61C /* ViewController.swift in Sources */ = {isa = PBXBuildFile; fileRef = 01138CC620EBD4CC00A2F61C /* ViewController.swift */; };
		01138CCA20EBD4CC00A2F61C /* Main.storyboard in Resources */ = {isa = PBXBuildFile; fileRef = 01138CC820EBD4CC00A2F61C /* Main.storyboard */; };
		01138CCC20EBD4CD00A2F61C /* Assets.xcassets in Resources */ = {isa = PBXBuildFile; fileRef = 01138CCB20EBD4CD00A2F61C /* Assets.xcassets */; };
		01138CCF20EBD4CD00A2F61C /* LaunchScreen.storyboard in Resources */ = {isa = PBXBuildFile; fileRef = 01138CCD20EBD4CD00A2F61C /* LaunchScreen.storyboard */; };
		01138CDD20EBE3B300A2F61C /* Question.swift in Sources */ = {isa = PBXBuildFile; fileRef = 01138CDC20EBE3B300A2F61C /* Question.swift */; };
		01138CDF20ECC2CD00A2F61C /* QuestionsFactory.swift in Sources */ = {isa = PBXBuildFile; fileRef = 01138CDE20ECC2CD00A2F61C /* QuestionsFactory.swift */; };
		01498F2F20F0EA67004014B9 /* ProgressHUD.bundle in Resources */ = {isa = PBXBuildFile; fileRef = 01498F2D20F0EA67004014B9 /* ProgressHUD.bundle */; };
		01498F3020F0EA67004014B9 /* ProgressHUD.m in Sources */ = {isa = PBXBuildFile; fileRef = 01498F2E20F0EA67004014B9 /* ProgressHUD.m */; };
		01498F3120F0ED91004014B9 /* QuestionsBank.plist in Resources */ = {isa = PBXBuildFile; fileRef = 01498F3320F0ED91004014B9 /* QuestionsBank.plist */; };
		01498F3B20F11CCB004014B9 /* Localizable.strings in Resources */ = {isa = PBXBuildFile; fileRef = 01498F3D20F11CCB004014B9 /* Localizable.strings */; };
		01DD907221242FAF00D3C9B7 /* Extensions.swift in Sources */ = {isa = PBXBuildFile; fileRef = 01DD907121242FAF00D3C9B7 /* Extensions.swift */; };
/* End PBXBuildFile section */

/* Begin PBXFileReference section */
		01138CC120EBD4CC00A2F61C /* 05-QuizApp.app */ = {isa = PBXFileReference; explicitFileType = wrapper.application; includeInIndex = 0; path = "05-QuizApp.app"; sourceTree = BUILT_PRODUCTS_DIR; };
		01138CC420EBD4CC00A2F61C /* AppDelegate.swift */ = {isa = PBXFileReference; lastKnownFileType = sourcecode.swift; path = AppDelegate.swift; sourceTree = "<group>"; };
		01138CC620EBD4CC00A2F61C /* ViewController.swift */ = {isa = PBXFileReference; lastKnownFileType = sourcecode.swift; path = ViewController.swift; sourceTree = "<group>"; };
		01138CC920EBD4CC00A2F61C /* Base */ = {isa = PBXFileReference; lastKnownFileType = file.storyboard; name = Base; path = Base.lproj/Main.storyboard; sourceTree = "<group>"; };
		01138CCB20EBD4CD00A2F61C /* Assets.xcassets */ = {isa = PBXFileReference; lastKnownFileType = folder.assetcatalog; path = Assets.xcassets; sourceTree = "<group>"; };
		01138CCE20EBD4CD00A2F61C /* Base */ = {isa = PBXFileReference; lastKnownFileType = file.storyboard; name = Base; path = Base.lproj/LaunchScreen.storyboard; sourceTree = "<group>"; };
		01138CD020EBD4CD00A2F61C /* Info.plist */ = {isa = PBXFileReference; lastKnownFileType = text.plist.xml; path = Info.plist; sourceTree = "<group>"; };
		01138CDC20EBE3B300A2F61C /* Question.swift */ = {isa = PBXFileReference; lastKnownFileType = sourcecode.swift; path = Question.swift; sourceTree = "<group>"; };
		01138CDE20ECC2CD00A2F61C /* QuestionsFactory.swift */ = {isa = PBXFileReference; lastKnownFileType = sourcecode.swift; path = QuestionsFactory.swift; sourceTree = "<group>"; };
		01498F2B20F0EA66004014B9 /* 05-QuizApp-Bridging-Header.h */ = {isa = PBXFileReference; lastKnownFileType = sourcecode.c.h; path = "05-QuizApp-Bridging-Header.h"; sourceTree = "<group>"; };
		01498F2C20F0EA67004014B9 /* ProgressHUD.h */ = {isa = PBXFileReference; fileEncoding = 4; lastKnownFileType = sourcecode.c.h; path = ProgressHUD.h; sourceTree = "<group>"; };
		01498F2D20F0EA67004014B9 /* ProgressHUD.bundle */ = {isa = PBXFileReference; lastKnownFileType = "wrapper.plug-in"; path = ProgressHUD.bundle; sourceTree = "<group>"; };
		01498F2E20F0EA67004014B9 /* ProgressHUD.m */ = {isa = PBXFileReference; fileEncoding = 4; lastKnownFileType = sourcecode.c.objc; path = ProgressHUD.m; sourceTree = "<group>"; };
		01498F3220F0ED91004014B9 /* Base */ = {isa = PBXFileReference; lastKnownFileType = text.plist.xml; name = Base; path = Base.lproj/QuestionsBank.plist; sourceTree = "<group>"; };
		01498F3420F0EDA3004014B9 /* en */ = {isa = PBXFileReference; lastKnownFileType = text.plist.xml; name = en; path = en.lproj/QuestionsBank.plist; sourceTree = "<group>"; };
		01498F3520F0EE59004014B9 /* fr */ = {isa = PBXFileReference; lastKnownFileType = text.plist.strings; name = fr; path = fr.lproj/Main.strings; sourceTree = "<group>"; };
		01498F3620F0EE59004014B9 /* fr */ = {isa = PBXFileReference; lastKnownFileType = text.plist.xml; name = fr; path = fr.lproj/QuestionsBank.plist; sourceTree = "<group>"; };
		01498F3820F0EE7A004014B9 /* en */ = {isa = PBXFileReference; lastKnownFileType = text.plist.strings; name = en; path = en.lproj/Main.strings; sourceTree = "<group>"; };
		01498F3C20F11CCB004014B9 /* en */ = {isa = PBXFileReference; lastKnownFileType = text.plist.strings; name = en; path = en.lproj/Localizable.strings; sourceTree = "<group>"; };
		01498F3E20F11CCF004014B9 /* fr */ = {isa = PBXFileReference; lastKnownFileType = text.plist.strings; name = fr; path = fr.lproj/Localizable.strings; sourceTree = "<group>"; };
		01498F3F20F11D8A004014B9 /* es */ = {isa = PBXFileReference; lastKnownFileType = text.plist.strings; name = es; path = es.lproj/Main.strings; sourceTree = "<group>"; };
		01498F4020F11D8A004014B9 /* es */ = {isa = PBXFileReference; lastKnownFileType = text.plist.xml; name = es; path = es.lproj/QuestionsBank.plist; sourceTree = "<group>"; };
		01498F4120F11D8A004014B9 /* es */ = {isa = PBXFileReference; lastKnownFileType = text.plist.strings; name = es; path = es.lproj/Localizable.strings; sourceTree = "<group>"; };
		01DD907121242FAF00D3C9B7 /* Extensions.swift */ = {isa = PBXFileReference; fileEncoding = 4; lastKnownFileType = sourcecode.swift; path = Extensions.swift; sourceTree = "<group>"; };
/* End PBXFileReference section */

/* Begin PBXFrameworksBuildPhase section */
		01138CBE20EBD4CC00A2F61C /* Frameworks */ = {
			isa = PBXFrameworksBuildPhase;
			buildActionMask = 2147483647;
			files = (
			);
			runOnlyForDeploymentPostprocessing = 0;
		};
/* End PBXFrameworksBuildPhase section */

/* Begin PBXGroup section */
		01138CB820EBD4CC00A2F61C = {
			isa = PBXGroup;
			children = (
				01138CC320EBD4CC00A2F61C /* 05-QuizApp */,
				01138CC220EBD4CC00A2F61C /* Products */,
			);
			sourceTree = "<group>";
		};
		01138CC220EBD4CC00A2F61C /* Products */ = {
			isa = PBXGroup;
			children = (
				01138CC120EBD4CC00A2F61C /* 05-QuizApp.app */,
			);
			name = Products;
			sourceTree = "<group>";
		};
		01138CC320EBD4CC00A2F61C /* 05-QuizApp */ = {
			isa = PBXGroup;
			children = (
				01138CD820EBD7CD00A2F61C /* Controller */,
				01138CD620EBD7C300A2F61C /* Model */,
				01138CD720EBD7C800A2F61C /* View */,
				01138CD920EBD7D200A2F61C /* Supporting Files */,
			);
			path = "05-QuizApp";
			sourceTree = "<group>";
		};
		01138CD620EBD7C300A2F61C /* Model */ = {
			isa = PBXGroup;
			children = (
				01138CDC20EBE3B300A2F61C /* Question.swift */,
				01138CDE20ECC2CD00A2F61C /* QuestionsFactory.swift */,
			);
			path = Model;
			sourceTree = "<group>";
		};
		01138CD720EBD7C800A2F61C /* View */ = {
			isa = PBXGroup;
			children = (
				01DD907121242FAF00D3C9B7 /* Extensions.swift */,
				01138CC820EBD4CC00A2F61C /* Main.storyboard */,
				01138CCB20EBD4CD00A2F61C /* Assets.xcassets */,
			);
			path = View;
			sourceTree = "<group>";
		};
		01138CD820EBD7CD00A2F61C /* Controller */ = {
			isa = PBXGroup;
			children = (
				01138CC420EBD4CC00A2F61C /* AppDelegate.swift */,
				01138CC620EBD4CC00A2F61C /* ViewController.swift */,
			);
			path = Controller;
			sourceTree = "<group>";
		};
		01138CD920EBD7D200A2F61C /* Supporting Files */ = {
			isa = PBXGroup;
			children = (
				01498F2D20F0EA67004014B9 /* ProgressHUD.bundle */,
				01498F2C20F0EA67004014B9 /* ProgressHUD.h */,
				01498F2E20F0EA67004014B9 /* ProgressHUD.m */,
				01138CCD20EBD4CD00A2F61C /* LaunchScreen.storyboard */,
				01138CD020EBD4CD00A2F61C /* Info.plist */,
				01498F3320F0ED91004014B9 /* QuestionsBank.plist */,
				01498F2B20F0EA66004014B9 /* 05-QuizApp-Bridging-Header.h */,
				01498F3D20F11CCB004014B9 /* Localizable.strings */,
			);
			path = "Supporting Files";
			sourceTree = "<group>";
		};
/* End PBXGroup section */

/* Begin PBXNativeTarget section */
		01138CC020EBD4CC00A2F61C /* 05-QuizApp */ = {
			isa = PBXNativeTarget;
			buildConfigurationList = 01138CD320EBD4CD00A2F61C /* Build configuration list for PBXNativeTarget "05-QuizApp" */;
			buildPhases = (
				01138CBD20EBD4CC00A2F61C /* Sources */,
				01138CBE20EBD4CC00A2F61C /* Frameworks */,
				01138CBF20EBD4CC00A2F61C /* Resources */,
			);
			buildRules = (
			);
			dependencies = (
			);
			name = "05-QuizApp";
			productName = "05-QuizApp";
			productReference = 01138CC120EBD4CC00A2F61C /* 05-QuizApp.app */;
			productType = "com.apple.product-type.application";
		};
/* End PBXNativeTarget section */

/* Begin PBXProject section */
		01138CB920EBD4CC00A2F61C /* Project object */ = {
			isa = PBXProject;
			attributes = {
				BuildIndependentTargetsInParallel = YES;
				LastSwiftUpdateCheck = 1000;
				LastUpgradeCheck = 1430;
				ORGANIZATIONNAME = Frogames;
				TargetAttributes = {
					01138CC020EBD4CC00A2F61C = {
						CreatedOnToolsVersion = 10.0;
						LastSwiftMigration = "";
					};
				};
			};
			buildConfigurationList = 01138CBC20EBD4CC00A2F61C /* Build configuration list for PBXProject "05-QuizApp" */;
			compatibilityVersion = "Xcode 9.3";
			developmentRegion = en;
			hasScannedForEncodings = 0;
			knownRegions = (
				en,
				Base,
				fr,
				es,
			);
			mainGroup = 01138CB820EBD4CC00A2F61C;
			productRefGroup = 01138CC220EBD4CC00A2F61C /* Products */;
			projectDirPath = "";
			projectRoot = "";
			targets = (
				01138CC020EBD4CC00A2F61C /* 05-QuizApp */,
			);
		};
/* End PBXProject section */

/* Begin PBXResourcesBuildPhase section */
		01138CBF20EBD4CC00A2F61C /* Resources */ = {
			isa = PBXResourcesBuildPhase;
			buildActionMask = 2147483647;
			files = (
				01498F3120F0ED91004014B9 /* QuestionsBank.plist in Resources */,
				01498F3B20F11CCB004014B9 /* Localizable.strings in Resources */,
				01138CCF20EBD4CD00A2F61C /* LaunchScreen.storyboard in Resources */,
				01138CCC20EBD4CD00A2F61C /* Assets.xcassets in Resources */,
				01498F2F20F0EA67004014B9 /* ProgressHUD.bundle in Resources */,
				01138CCA20EBD4CC00A2F61C /* Main.storyboard in Resources */,
			);
			runOnlyForDeploymentPostprocessing = 0;
		};
/* End PBXResourcesBuildPhase section */

/* Begin PBXSourcesBuildPhase section */
		01138CBD20EBD4CC00A2F61C /* Sources */ = {
			isa = PBXSourcesBuildPhase;
			buildActionMask = 2147483647;
			files = (
				01498F3020F0EA67004014B9 /* ProgressHUD.m in Sources */,
				01DD907221242FAF00D3C9B7 /* Extensions.swift in Sources */,
				01138CC720EBD4CC00A2F61C /* ViewController.swift in Sources */,
				01138CDF20ECC2CD00A2F61C /* QuestionsFactory.swift in Sources */,
				01138CDD20EBE3B300A2F61C /* Question.swift in Sources */,
				01138CC520EBD4CC00A2F61C /* AppDelegate.swift in Sources */,
			);
			runOnlyForDeploymentPostprocessing = 0;
		};
/* End PBXSourcesBuildPhase section */

/* Begin PBXVariantGroup section */
		01138CC820EBD4CC00A2F61C /* Main.storyboard */ = {
			isa = PBXVariantGroup;
			children = (
				01138CC920EBD4CC00A2F61C /* Base */,
				01498F3520F0EE59004014B9 /* fr */,
				01498F3820F0EE7A004014B9 /* en */,
				01498F3F20F11D8A004014B9 /* es */,
			);
			name = Main.storyboard;
			sourceTree = "<group>";
		};
		01138CCD20EBD4CD00A2F61C /* LaunchScreen.storyboard */ = {
			isa = PBXVariantGroup;
			children = (
				01138CCE20EBD4CD00A2F61C /* Base */,
			);
			name = LaunchScreen.storyboard;
			sourceTree = "<group>";
		};
		01498F3320F0ED91004014B9 /* QuestionsBank.plist */ = {
			isa = PBXVariantGroup;
			children = (
				01498F3220F0ED91004014B9 /* Base */,
				01498F3420F0EDA3004014B9 /* en */,
				01498F3620F0EE59004014B9 /* fr */,
				01498F4020F11D8A004014B9 /* es */,
			);
			name = QuestionsBank.plist;
			sourceTree = "<group>";
		};
		01498F3D20F11CCB004014B9 /* Localizable.strings */ = {
			isa = PBXVariantGroup;
			children = (
				01498F3C20F11CCB004014B9 /* en */,
				01498F3E20F11CCF004014B9 /* fr */,
				01498F4120F11D8A004014B9 /* es */,
			);
			name = Localizable.strings;
			sourceTree = "<group>";
		};
/* End PBXVariantGroup section */

/* Begin XCBuildConfiguration section */
		01138CD120EBD4CD00A2F61C /* Debug */ = {
			isa = XCBuildConfiguration;
			buildSettings = {
				ALWAYS_SEARCH_USER_PATHS = NO;
				CLANG_ANALYZER_LOCALIZABILITY_NONLOCALIZED = YES;
				CLANG_ANALYZER_NONNULL = YES;
				CLANG_ANALYZER_NUMBER_OBJECT_CONVERSION = YES_AGGRESSIVE;
				CLANG_CXX_LANGUAGE_STANDARD = "gnu++14";
				CLANG_CXX_LIBRARY = "libc++";
				CLANG_ENABLE_MODULES = YES;
				CLANG_ENABLE_OBJC_ARC = YES;
				CLANG_ENABLE_OBJC_WEAK = YES;
				CLANG_WARN_BLOCK_CAPTURE_AUTORELEASING = YES;
				CLANG_WARN_BOOL_CONVERSION = YES;
				CLANG_WARN_COMMA = YES;
				CLANG_WARN_CONSTANT_CONVERSION = YES;
				CLANG_WARN_DEPRECATED_OBJC_IMPLEMENTATIONS = YES;
				CLANG_WARN_DIRECT_OBJC_ISA_USAGE = YES_ERROR;
				CLANG_WARN_DOCUMENTATION_COMMENTS = YES;
				CLANG_WARN_EMPTY_BODY = YES;
				CLANG_WARN_ENUM_CONVERSION = YES;
				CLANG_WARN_INFINITE_RECURSION = YES;
				CLANG_WARN_INT_CONVERSION = YES;
				CLANG_WARN_NON_LITERAL_NULL_CONVERSION = YES;
				CLANG_WARN_OBJC_IMPLICIT_RETAIN_SELF = YES;
				CLANG_WARN_OBJC_LITERAL_CONVERSION = YES;
				CLANG_WARN_OBJC_ROOT_CLASS = YES_ERROR;
				CLANG_WARN_QUOTED_INCLUDE_IN_FRAMEWORK_HEADER = YES;
				CLANG_WARN_RANGE_LOOP_ANALYSIS = YES;
				CLANG_WARN_STRICT_PROTOTYPES = YES;
				CLANG_WARN_SUSPICIOUS_MOVE = YES;
				CLANG_WARN_UNGUARDED_AVAILABILITY = YES_AGGRESSIVE;
				CLANG_WARN_UNREACHABLE_CODE = YES;
				CLANG_WARN__DUPLICATE_METHOD_MATCH = YES;
				CODE_SIGN_IDENTITY = "iPhone Developer";
				COPY_PHASE_STRIP = NO;
				DEBUG_INFORMATION_FORMAT = dwarf;
				ENABLE_STRICT_OBJC_MSGSEND = YES;
				ENABLE_TESTABILITY = YES;
				GCC_C_LANGUAGE_STANDARD = gnu11;
				GCC_DYNAMIC_NO_PIC = NO;
				GCC_NO_COMMON_BLOCKS = YES;
				GCC_OPTIMIZATION_LEVEL = 0;
				GCC_PREPROCESSOR_DEFINITIONS = (
					"DEBUG=1",
					"$(inherited)",
				);
				GCC_WARN_64_TO_32_BIT_CONVERSION = YES;
				GCC_WARN_ABOUT_RETURN_TYPE = YES_ERROR;
				GCC_WARN_UNDECLARED_SELECTOR = YES;
				GCC_WARN_UNINITIALIZED_AUTOS = YES_AGGRESSIVE;
				GCC_WARN_UNUSED_FUNCTION = YES;
				GCC_WARN_UNUSED_VARIABLE = YES;
				IPHONEOS_DEPLOYMENT_TARGET = 16.4;
				MTL_ENABLE_DEBUG_INFO = INCLUDE_SOURCE;
				ONLY_ACTIVE_ARCH = YES;
				SDKROOT = iphoneos;
				SWIFT_ACTIVE_COMPILATION_CONDITIONS = DEBUG;
				SWIFT_OPTIMIZATION_LEVEL = "-Onone";
			};
			name = Debug;
		};
		01138CD220EBD4CD00A2F61C /* Release */ = {
			isa = XCBuildConfiguration;
			buildSettings = {
				ALWAYS_SEARCH_USER_PATHS = NO;
				CLANG_ANALYZER_LOCALIZABILITY_NONLOCALIZED = YES;
				CLANG_ANALYZER_NONNULL = YES;
				CLANG_ANALYZER_NUMBER_OBJECT_CONVERSION = YES_AGGRESSIVE;
				CLANG_CXX_LANGUAGE_STANDARD = "gnu++14";
				CLANG_CXX_LIBRARY = "libc++";
				CLANG_ENABLE_MODULES = YES;
				CLANG_ENABLE_OBJC_ARC = YES;
				CLANG_ENABLE_OBJC_WEAK = YES;
				CLANG_WARN_BLOCK_CAPTURE_AUTORELEASING = YES;
				CLANG_WARN_BOOL_CONVERSION = YES;
				CLANG_WARN_COMMA = YES;
				CLANG_WARN_CONSTANT_CONVERSION = YES;
				CLANG_WARN_DEPRECATED_OBJC_IMPLEMENTATIONS = YES;
				CLANG_WARN_DIRECT_OBJC_ISA_USAGE = YES_ERROR;
				CLANG_WARN_DOCUMENTATION_COMMENTS = YES;
				CLANG_WARN_EMPTY_BODY = YES;
				CLANG_WARN_ENUM_CONVERSION = YES;
				CLANG_WARN_INFINITE_RECURSION = YES;
				CLANG_WARN_INT_CONVERSION = YES;
				CLANG_WARN_NON_LITERAL_NULL_CONVERSION = YES;
				CLANG_WARN_OBJC_IMPLICIT_RETAIN_SELF = YES;
				CLANG_WARN_OBJC_LITERAL_CONVERSION = YES;
				CLANG_WARN_OBJC_ROOT_CLASS = YES_ERROR;
				CLANG_WARN_QUOTED_INCLUDE_IN_FRAMEWORK_HEADER = YES;
				CLANG_WARN_RANGE_LOOP_ANALYSIS = YES;
				CLANG_WARN_STRICT_PROTOTYPES = YES;
				CLANG_WARN_SUSPICIOUS_MOVE = YES;
				CLANG_WARN_UNGUARDED_AVAILABILITY = YES_AGGRESSIVE;
				CLANG_WARN_UNREACHABLE_CODE = YES;
				CLANG_WARN__DUPLICATE_METHOD_MATCH = YES;
				CODE_SIGN_IDENTITY = "iPhone Developer";
				COPY_PHASE_STRIP = NO;
				DEBUG_INFORMATION_FORMAT = "dwarf-with-dsym";
				ENABLE_NS_ASSERTIONS = NO;
				ENABLE_STRICT_OBJC_MSGSEND = YES;
				GCC_C_LANGUAGE_STANDARD = gnu11;
				GCC_NO_COMMON_BLOCKS = YES;
				GCC_WARN_64_TO_32_BIT_CONVERSION = YES;
				GCC_WARN_ABOUT_RETURN_TYPE = YES_ERROR;
				GCC_WARN_UNDECLARED_SELECTOR = YES;
				GCC_WARN_UNINITIALIZED_AUTOS = YES_AGGRESSIVE;
				GCC_WARN_UNUSED_FUNCTION = YES;
				GCC_WARN_UNUSED_VARIABLE = YES;
				IPHONEOS_DEPLOYMENT_TARGET = 16.4;
				MTL_ENABLE_DEBUG_INFO = NO;
				SDKROOT = iphoneos;
				SWIFT_COMPILATION_MODE = wholemodule;
				SWIFT_OPTIMIZATION_LEVEL = "-O";
				VALIDATE_PRODUCT = YES;
			};
			name = Release;
		};
		01138CD420EBD4CD00A2F61C /* Debug */ = {
			isa = XCBuildConfiguration;
			buildSettings = {
				ASSETCATALOG_COMPILER_APPICON_NAME = AppIcon;
				CLANG_ENABLE_MODULES = YES;
				CODE_SIGN_STYLE = Automatic;
				DEVELOPMENT_TEAM = LV4V48ATK9;
				INFOPLIST_FILE = "$(SRCROOT)/05-QuizApp/Supporting Files/Info.plist";
				IPHONEOS_DEPLOYMENT_TARGET = 16.4;
				LD_RUNPATH_SEARCH_PATHS = (
					"$(inherited)",
					"@executable_path/Frameworks",
				);
				PRODUCT_BUNDLE_IDENTIFIER = com.juangabriel.QuizApp;
				PRODUCT_NAME = "$(TARGET_NAME)";
				SWIFT_OBJC_BRIDGING_HEADER = "05-QuizApp/Supporting Files/05-QuizApp-Bridging-Header.h";
				SWIFT_OPTIMIZATION_LEVEL = "-Onone";
				SWIFT_VERSION = 5.0;
				TARGETED_DEVICE_FAMILY = "1,2";
			};
			name = Debug;
		};
		01138CD520EBD4CD00A2F61C /* Release */ = {
			isa = XCBuildConfiguration;
			buildSettings = {
				ASSETCATALOG_COMPILER_APPICON_NAME = AppIcon;
				CLANG_ENABLE_MODULES = YES;
				CODE_SIGN_STYLE = Automatic;
				DEVELOPMENT_TEAM = LV4V48ATK9;
				INFOPLIST_FILE = "$(SRCROOT)/05-QuizApp/Supporting Files/Info.plist";
				IPHONEOS_DEPLOYMENT_TARGET = 16.4;
				LD_RUNPATH_SEARCH_PATHS = (
					"$(inherited)",
					"@executable_path/Frameworks",
				);
				PRODUCT_BUNDLE_IDENTIFIER = com.juangabriel.QuizApp;
				PRODUCT_NAME = "$(TARGET_NAME)";
				SWIFT_OBJC_BRIDGING_HEADER = "05-QuizApp/Supporting Files/05-QuizApp-Bridging-Header.h";
				SWIFT_VERSION = 5.0;
				TARGETED_DEVICE_FAMILY = "1,2";
			};
			name = Release;
		};
/* End XCBuildConfiguration section */

/* Begin XCConfigurationList section */
		01138CBC20EBD4CC00A2F61C /* Build configuration list for PBXProject "05-QuizApp" */ = {
			isa = XCConfigurationList;
			buildConfigurations = (
				01138CD120EBD4CD00A2F61C /* Debug */,
				01138CD220EBD4CD00A2F61C /* Release */,
			);
			defaultConfigurationIsVisible = 0;
			defaultConfigurationName = Release;
		};
		01138CD320EBD4CD00A2F61C /* Build configuration list for PBXNativeTarget "05-QuizApp" */ = {
			isa = XCConfigurationList;
			buildConfigurations = (
				01138CD420EBD4CD00A2F61C /* Debug */,
				01138CD520EBD4CD00A2F61C /* Release */,
			);
			defaultConfigurationIsVisible = 0;
			defaultConfigurationName = Release;
		};
/* End XCConfigurationList section */
	};
	rootObject = 01138CB920EBD4CC00A2F61C /* Project object */;
}
