// !$*UTF8*$!
{
	archiveVersion = 1;
	classes = {
	};
	objectVersion = 50;
	objects = {

/* Begin PBXBuildFile section */
		01B14655214D1A0D00FA358C /* AppDelegate.swift in Sources */ = {isa = PBXBuildFile; fileRef = 01B14654214D1A0D00FA358C /* AppDelegate.swift */; };
		01B14657214D1A0D00FA358C /* OrderViewController.swift in Sources */ = {isa = PBXBuildFile; fileRef = 01B14656214D1A0D00FA358C /* OrderViewController.swift */; };
		01B1465A214D1A0D00FA358C /* Main.storyboard in Resources */ = {isa = PBXBuildFile; fileRef = 01B14658214D1A0D00FA358C /* Main.storyboard */; };
		01B1465C214D1A0E00FA358C /* Assets.xcassets in Resources */ = {isa = PBXBuildFile; fileRef = 01B1465B214D1A0E00FA358C /* Assets.xcassets */; };
		01B1465F214D1A0E00FA358C /* LaunchScreen.storyboard in Resources */ = {isa = PBXBuildFile; fileRef = 01B1465D214D1A0E00FA358C /* LaunchScreen.storyboard */; };
		01B14668214D1A3300FA358C /* toppings.json in Resources */ = {isa = PBXBuildFile; fileRef = 01B14666214D1A3300FA358C /* toppings.json */; };
		01B14669214D1A3300FA358C /* cupcakes.json in Resources */ = {isa = PBXBuildFile; fileRef = 01B14667214D1A3300FA358C /* cupcakes.json */; };
		01B1466B214D1CA400FA358C /* ToppingsTableViewController.swift in Sources */ = {isa = PBXBuildFile; fileRef = 01B1466A214D1CA400FA358C /* ToppingsTableViewController.swift */; };
		01B1466D214D1CB800FA358C /* CupcakesTableViewController.swift in Sources */ = {isa = PBXBuildFile; fileRef = 01B1466C214D1CB800FA358C /* CupcakesTableViewController.swift */; };
		01B14672214D211C00FA358C /* Product.swift in Sources */ = {isa = PBXBuildFile; fileRef = 01B14671214D211C00FA358C /* Product.swift */; };
		01B14674214D21E500FA358C /* ProductsFactory.swift in Sources */ = {isa = PBXBuildFile; fileRef = 01B14673214D21E500FA358C /* ProductsFactory.swift */; };
		01B14676214D315600FA358C /* Order.swift in Sources */ = {isa = PBXBuildFile; fileRef = 01B14675214D315600FA358C /* Order.swift */; };
		01B14678214E695C00FA358C /* Intents.intentdefinition in Sources */ = {isa = PBXBuildFile; fileRef = 01B14677214E695C00FA358C /* Intents.intentdefinition */; };
		01B14680214EA51700FA358C /* IntentHandler.swift in Sources */ = {isa = PBXBuildFile; fileRef = 01B1467F214EA51700FA358C /* IntentHandler.swift */; };
		01B14684214EA51700FA358C /* Extension.appex in Embed App Extensions */ = {isa = PBXBuildFile; fileRef = 01B1467D214EA51700FA358C /* Extension.appex */; settings = {ATTRIBUTES = (RemoveHeadersOnCopy, ); }; };
		01B14689214EA5C300FA358C /* Product.swift in Sources */ = {isa = PBXBuildFile; fileRef = 01B14671214D211C00FA358C /* Product.swift */; };
		01B1468A214EA5D800FA358C /* Order.swift in Sources */ = {isa = PBXBuildFile; fileRef = 01B14675214D315600FA358C /* Order.swift */; };
		01B1468B214EA5E500FA358C /* Intents.intentdefinition in Sources */ = {isa = PBXBuildFile; fileRef = 01B14677214E695C00FA358C /* Intents.intentdefinition */; };
		01B1468C214EA5F200FA358C /* cupcakes.json in Resources */ = {isa = PBXBuildFile; fileRef = 01B14667214D1A3300FA358C /* cupcakes.json */; };
		01B1468D214EA5F200FA358C /* toppings.json in Resources */ = {isa = PBXBuildFile; fileRef = 01B14666214D1A3300FA358C /* toppings.json */; };
		01B1468E214EA83400FA358C /* ProductsFactory.swift in Sources */ = {isa = PBXBuildFile; fileRef = 01B14673214D21E500FA358C /* ProductsFactory.swift */; };
/* End PBXBuildFile section */

/* Begin PBXContainerItemProxy section */
		01B14682214EA51700FA358C /* PBXContainerItemProxy */ = {
			isa = PBXContainerItemProxy;
			containerPortal = 01B14649214D1A0D00FA358C /* Project object */;
			proxyType = 1;
			remoteGlobalIDString = 01B1467C214EA51700FA358C;
			remoteInfo = Extension;
		};
/* End PBXContainerItemProxy section */

/* Begin PBXCopyFilesBuildPhase section */
		01B14688214EA51700FA358C /* Embed App Extensions */ = {
			isa = PBXCopyFilesBuildPhase;
			buildActionMask = 2147483647;
			dstPath = "";
			dstSubfolderSpec = 13;
			files = (
				01B14684214EA51700FA358C /* Extension.appex in Embed App Extensions */,
			);
			name = "Embed App Extensions";
			runOnlyForDeploymentPostprocessing = 0;
		};
/* End PBXCopyFilesBuildPhase section */

/* Begin PBXFileReference section */
		01B14651214D1A0D00FA358C /* 15-JustEat.app */ = {isa = PBXFileReference; explicitFileType = wrapper.application; includeInIndex = 0; path = "15-JustEat.app"; sourceTree = BUILT_PRODUCTS_DIR; };
		01B14654214D1A0D00FA358C /* AppDelegate.swift */ = {isa = PBXFileReference; lastKnownFileType = sourcecode.swift; path = AppDelegate.swift; sourceTree = "<group>"; };
		01B14656214D1A0D00FA358C /* OrderViewController.swift */ = {isa = PBXFileReference; lastKnownFileType = sourcecode.swift; path = OrderViewController.swift; sourceTree = "<group>"; };
		01B14659214D1A0D00FA358C /* Base */ = {isa = PBXFileReference; lastKnownFileType = file.storyboard; name = Base; path = Base.lproj/Main.storyboard; sourceTree = "<group>"; };
		01B1465B214D1A0E00FA358C /* Assets.xcassets */ = {isa = PBXFileReference; lastKnownFileType = folder.assetcatalog; path = Assets.xcassets; sourceTree = "<group>"; };
		01B1465E214D1A0E00FA358C /* Base */ = {isa = PBXFileReference; lastKnownFileType = file.storyboard; name = Base; path = Base.lproj/LaunchScreen.storyboard; sourceTree = "<group>"; };
		01B14660214D1A0E00FA358C /* Info.plist */ = {isa = PBXFileReference; lastKnownFileType = text.plist.xml; path = Info.plist; sourceTree = "<group>"; };
		01B14666214D1A3300FA358C /* toppings.json */ = {isa = PBXFileReference; fileEncoding = 4; lastKnownFileType = text.json; path = toppings.json; sourceTree = "<group>"; };
		01B14667214D1A3300FA358C /* cupcakes.json */ = {isa = PBXFileReference; fileEncoding = 4; lastKnownFileType = text.json; path = cupcakes.json; sourceTree = "<group>"; };
		01B1466A214D1CA400FA358C /* ToppingsTableViewController.swift */ = {isa = PBXFileReference; lastKnownFileType = sourcecode.swift; path = ToppingsTableViewController.swift; sourceTree = "<group>"; };
		01B1466C214D1CB800FA358C /* CupcakesTableViewController.swift */ = {isa = PBXFileReference; lastKnownFileType = sourcecode.swift; path = CupcakesTableViewController.swift; sourceTree = "<group>"; };
		01B14671214D211C00FA358C /* Product.swift */ = {isa = PBXFileReference; lastKnownFileType = sourcecode.swift; path = Product.swift; sourceTree = "<group>"; };
		01B14673214D21E500FA358C /* ProductsFactory.swift */ = {isa = PBXFileReference; lastKnownFileType = sourcecode.swift; path = ProductsFactory.swift; sourceTree = "<group>"; };
		01B14675214D315600FA358C /* Order.swift */ = {isa = PBXFileReference; lastKnownFileType = sourcecode.swift; path = Order.swift; sourceTree = "<group>"; };
		01B14677214E695C00FA358C /* Intents.intentdefinition */ = {isa = PBXFileReference; lastKnownFileType = file.intentdefinition; path = Intents.intentdefinition; sourceTree = "<group>"; };
		01B1467D214EA51700FA358C /* Extension.appex */ = {isa = PBXFileReference; explicitFileType = "wrapper.app-extension"; includeInIndex = 0; path = Extension.appex; sourceTree = BUILT_PRODUCTS_DIR; };
		01B1467F214EA51700FA358C /* IntentHandler.swift */ = {isa = PBXFileReference; lastKnownFileType = sourcecode.swift; path = IntentHandler.swift; sourceTree = "<group>"; };
		01B14681214EA51700FA358C /* Info.plist */ = {isa = PBXFileReference; lastKnownFileType = text.plist.xml; path = Info.plist; sourceTree = "<group>"; };
/* End PBXFileReference section */

/* Begin PBXFrameworksBuildPhase section */
		01B1464E214D1A0D00FA358C /* Frameworks */ = {
			isa = PBXFrameworksBuildPhase;
			buildActionMask = 2147483647;
			files = (
			);
			runOnlyForDeploymentPostprocessing = 0;
		};
		01B1467A214EA51700FA358C /* Frameworks */ = {
			isa = PBXFrameworksBuildPhase;
			buildActionMask = 2147483647;
			files = (
			);
			runOnlyForDeploymentPostprocessing = 0;
		};
/* End PBXFrameworksBuildPhase section */

/* Begin PBXGroup section */
		01B14648214D1A0D00FA358C = {
			isa = PBXGroup;
			children = (
				01B14653214D1A0D00FA358C /* 15-JustEat */,
				01B1467E214EA51700FA358C /* Extension */,
				01B14652214D1A0D00FA358C /* Products */,
			);
			sourceTree = "<group>";
		};
		01B14652214D1A0D00FA358C /* Products */ = {
			isa = PBXGroup;
			children = (
				01B14651214D1A0D00FA358C /* 15-JustEat.app */,
				01B1467D214EA51700FA358C /* Extension.appex */,
			);
			name = Products;
			sourceTree = "<group>";
		};
		01B14653214D1A0D00FA358C /* 15-JustEat */ = {
			isa = PBXGroup;
			children = (
				01B14654214D1A0D00FA358C /* AppDelegate.swift */,
				01B1466E214D1CC300FA358C /* Controllers */,
				01B14670214D20F900FA358C /* Model */,
				01B14658214D1A0D00FA358C /* Main.storyboard */,
				01B1465B214D1A0E00FA358C /* Assets.xcassets */,
				01B1465D214D1A0E00FA358C /* LaunchScreen.storyboard */,
				01B14660214D1A0E00FA358C /* Info.plist */,
				01B1466F214D1CCE00FA358C /* Supporting Files */,
			);
			path = "15-JustEat";
			sourceTree = "<group>";
		};
		01B1466E214D1CC300FA358C /* Controllers */ = {
			isa = PBXGroup;
			children = (
				01B14656214D1A0D00FA358C /* OrderViewController.swift */,
				01B1466A214D1CA400FA358C /* ToppingsTableViewController.swift */,
				01B1466C214D1CB800FA358C /* CupcakesTableViewController.swift */,
			);
			path = Controllers;
			sourceTree = "<group>";
		};
		01B1466F214D1CCE00FA358C /* Supporting Files */ = {
			isa = PBXGroup;
			children = (
				01B14667214D1A3300FA358C /* cupcakes.json */,
				01B14666214D1A3300FA358C /* toppings.json */,
				01B14677214E695C00FA358C /* Intents.intentdefinition */,
			);
			path = "Supporting Files";
			sourceTree = "<group>";
		};
		01B14670214D20F900FA358C /* Model */ = {
			isa = PBXGroup;
			children = (
				01B14671214D211C00FA358C /* Product.swift */,
				01B14673214D21E500FA358C /* ProductsFactory.swift */,
				01B14675214D315600FA358C /* Order.swift */,
			);
			path = Model;
			sourceTree = "<group>";
		};
		01B1467E214EA51700FA358C /* Extension */ = {
			isa = PBXGroup;
			children = (
				01B1467F214EA51700FA358C /* IntentHandler.swift */,
				01B14681214EA51700FA358C /* Info.plist */,
			);
			path = Extension;
			sourceTree = "<group>";
		};
/* End PBXGroup section */

/* Begin PBXNativeTarget section */
		01B14650214D1A0D00FA358C /* 15-JustEat */ = {
			isa = PBXNativeTarget;
			buildConfigurationList = 01B14663214D1A0E00FA358C /* Build configuration list for PBXNativeTarget "15-JustEat" */;
			buildPhases = (
				01B1464D214D1A0D00FA358C /* Sources */,
				01B1464E214D1A0D00FA358C /* Frameworks */,
				01B1464F214D1A0D00FA358C /* Resources */,
				01B14688214EA51700FA358C /* Embed App Extensions */,
			);
			buildRules = (
			);
			dependencies = (
				01B14683214EA51700FA358C /* PBXTargetDependency */,
			);
			name = "15-JustEat";
			productName = "15-JustEat";
			productReference = 01B14651214D1A0D00FA358C /* 15-JustEat.app */;
			productType = "com.apple.product-type.application";
		};
		01B1467C214EA51700FA358C /* Extension */ = {
			isa = PBXNativeTarget;
			buildConfigurationList = 01B14685214EA51700FA358C /* Build configuration list for PBXNativeTarget "Extension" */;
			buildPhases = (
				01B14679214EA51700FA358C /* Sources */,
				01B1467A214EA51700FA358C /* Frameworks */,
				01B1467B214EA51700FA358C /* Resources */,
			);
			buildRules = (
			);
			dependencies = (
			);
			name = Extension;
			productName = Extension;
			productReference = 01B1467D214EA51700FA358C /* Extension.appex */;
			productType = "com.apple.product-type.app-extension";
		};
/* End PBXNativeTarget section */

/* Begin PBXProject section */
		01B14649214D1A0D00FA358C /* Project object */ = {
			isa = PBXProject;
			attributes = {
				LastSwiftUpdateCheck = 1000;
				LastUpgradeCheck = 1000;
				ORGANIZATIONNAME = Frogames;
				TargetAttributes = {
					01B14650214D1A0D00FA358C = {
						CreatedOnToolsVersion = 10.0;
					};
					01B1467C214EA51700FA358C = {
						CreatedOnToolsVersion = 10.0;
					};
				};
			};
			buildConfigurationList = 01B1464C214D1A0D00FA358C /* Build configuration list for PBXProject "15-JustEat" */;
			compatibilityVersion = "Xcode 9.3";
			developmentRegion = en;
			hasScannedForEncodings = 0;
			knownRegions = (
				en,
				Base,
			);
			mainGroup = 01B14648214D1A0D00FA358C;
			productRefGroup = 01B14652214D1A0D00FA358C /* Products */;
			projectDirPath = "";
			projectRoot = "";
			targets = (
				01B14650214D1A0D00FA358C /* 15-JustEat */,
				01B1467C214EA51700FA358C /* Extension */,
			);
		};
/* End PBXProject section */

/* Begin PBXResourcesBuildPhase section */
		01B1464F214D1A0D00FA358C /* Resources */ = {
			isa = PBXResourcesBuildPhase;
			buildActionMask = 2147483647;
			files = (
				01B1465F214D1A0E00FA358C /* LaunchScreen.storyboard in Resources */,
				01B14668214D1A3300FA358C /* toppings.json in Resources */,
				01B1465C214D1A0E00FA358C /* Assets.xcassets in Resources */,
				01B14669214D1A3300FA358C /* cupcakes.json in Resources */,
				01B1465A214D1A0D00FA358C /* Main.storyboard in Resources */,
			);
			runOnlyForDeploymentPostprocessing = 0;
		};
		01B1467B214EA51700FA358C /* Resources */ = {
			isa = PBXResourcesBuildPhase;
			buildActionMask = 2147483647;
			files = (
				01B1468C214EA5F200FA358C /* cupcakes.json in Resources */,
				01B1468D214EA5F200FA358C /* toppings.json in Resources */,
			);
			runOnlyForDeploymentPostprocessing = 0;
		};
/* End PBXResourcesBuildPhase section */

/* Begin PBXSourcesBuildPhase section */
		01B1464D214D1A0D00FA358C /* Sources */ = {
			isa = PBXSourcesBuildPhase;
			buildActionMask = 2147483647;
			files = (
				01B14657214D1A0D00FA358C /* OrderViewController.swift in Sources */,
				01B1466B214D1CA400FA358C /* ToppingsTableViewController.swift in Sources */,
				01B14674214D21E500FA358C /* ProductsFactory.swift in Sources */,
				01B14672214D211C00FA358C /* Product.swift in Sources */,
				01B1466D214D1CB800FA358C /* CupcakesTableViewController.swift in Sources */,
				01B14655214D1A0D00FA358C /* AppDelegate.swift in Sources */,
				01B14678214E695C00FA358C /* Intents.intentdefinition in Sources */,
				01B14676214D315600FA358C /* Order.swift in Sources */,
			);
			runOnlyForDeploymentPostprocessing = 0;
		};
		01B14679214EA51700FA358C /* Sources */ = {
			isa = PBXSourcesBuildPhase;
			buildActionMask = 2147483647;
			files = (
				01B1468A214EA5D800FA358C /* Order.swift in Sources */,
				01B14680214EA51700FA358C /* IntentHandler.swift in Sources */,
				01B1468B214EA5E500FA358C /* Intents.intentdefinition in Sources */,
				01B14689214EA5C300FA358C /* Product.swift in Sources */,
				01B1468E214EA83400FA358C /* ProductsFactory.swift in Sources */,
			);
			runOnlyForDeploymentPostprocessing = 0;
		};
/* End PBXSourcesBuildPhase section */

/* Begin PBXTargetDependency section */
		01B14683214EA51700FA358C /* PBXTargetDependency */ = {
			isa = PBXTargetDependency;
			target = 01B1467C214EA51700FA358C /* Extension */;
			targetProxy = 01B14682214EA51700FA358C /* PBXContainerItemProxy */;
		};
/* End PBXTargetDependency section */

/* Begin PBXVariantGroup section */
		01B14658214D1A0D00FA358C /* Main.storyboard */ = {
			isa = PBXVariantGroup;
			children = (
				01B14659214D1A0D00FA358C /* Base */,
			);
			name = Main.storyboard;
			sourceTree = "<group>";
		};
		01B1465D214D1A0E00FA358C /* LaunchScreen.storyboard */ = {
			isa = PBXVariantGroup;
			children = (
				01B1465E214D1A0E00FA358C /* Base */,
			);
			name = LaunchScreen.storyboard;
			sourceTree = "<group>";
		};
/* End PBXVariantGroup section */

/* Begin XCBuildConfiguration section */
		01B14661214D1A0E00FA358C /* Debug */ = {
			isa = XCBuildConfiguration;
			buildSettings = {
				ALWAYS_SEARCH_USER_PATHS = NO;
				CLANG_ANALYZER_NONNULL = YES;
				CLANG_ANALYZER_NUMBER_OBJECT_CONVERSION = YES_AGGRESSIVE;
				CLANG_CXX_LANGUAGE_STANDARD = "gnu++14";
				CLANG_CXX_LIBRARY = "libc++";
				CLANG_ENABLE_MODULES = YES;
				CLANG_ENABLE_OBJC_ARC = YES;
				CLANG_ENABLE_OBJC_WEAK = YES;
				CLANG_WARN_BLOCK_CAPTURE_AUTORELEASING = YES;
				CLANG_WARN_BOOL_CONVERSION = YES;
				CLANG_WARN_COMMA = YES;
				CLANG_WARN_CONSTANT_CONVERSION = YES;
				CLANG_WARN_DEPRECATED_OBJC_IMPLEMENTATIONS = YES;
				CLANG_WARN_DIRECT_OBJC_ISA_USAGE = YES_ERROR;
				CLANG_WARN_DOCUMENTATION_COMMENTS = YES;
				CLANG_WARN_EMPTY_BODY = YES;
				CLANG_WARN_ENUM_CONVERSION = YES;
				CLANG_WARN_INFINITE_RECURSION = YES;
				CLANG_WARN_INT_CONVERSION = YES;
				CLANG_WARN_NON_LITERAL_NULL_CONVERSION = YES;
				CLANG_WARN_OBJC_IMPLICIT_RETAIN_SELF = YES;
				CLANG_WARN_OBJC_LITERAL_CONVERSION = YES;
				CLANG_WARN_OBJC_ROOT_CLASS = YES_ERROR;
				CLANG_WARN_RANGE_LOOP_ANALYSIS = YES;
				CLANG_WARN_STRICT_PROTOTYPES = YES;
				CLANG_WARN_SUSPICIOUS_MOVE = YES;
				CLANG_WARN_UNGUARDED_AVAILABILITY = YES_AGGRESSIVE;
				CLANG_WARN_UNREACHABLE_CODE = YES;
				CLANG_WARN__DUPLICATE_METHOD_MATCH = YES;
				CODE_SIGN_IDENTITY = "iPhone Developer";
				COPY_PHASE_STRIP = NO;
				DEBUG_INFORMATION_FORMAT = dwarf;
				ENABLE_STRICT_OBJC_MSGSEND = YES;
				ENABLE_TESTABILITY = YES;
				GCC_C_LANGUAGE_STANDARD = gnu11;
				GCC_DYNAMIC_NO_PIC = NO;
				GCC_NO_COMMON_BLOCKS = YES;
				GCC_OPTIMIZATION_LEVEL = 0;
				GCC_PREPROCESSOR_DEFINITIONS = (
					"DEBUG=1",
					"$(inherited)",
				);
				GCC_WARN_64_TO_32_BIT_CONVERSION = YES;
				GCC_WARN_ABOUT_RETURN_TYPE = YES_ERROR;
				GCC_WARN_UNDECLARED_SELECTOR = YES;
				GCC_WARN_UNINITIALIZED_AUTOS = YES_AGGRESSIVE;
				GCC_WARN_UNUSED_FUNCTION = YES;
				GCC_WARN_UNUSED_VARIABLE = YES;
				IPHONEOS_DEPLOYMENT_TARGET = 12.0;
				MTL_ENABLE_DEBUG_INFO = INCLUDE_SOURCE;
				MTL_FAST_MATH = YES;
				ONLY_ACTIVE_ARCH = YES;
				SDKROOT = iphoneos;
				SWIFT_ACTIVE_COMPILATION_CONDITIONS = DEBUG;
				SWIFT_OPTIMIZATION_LEVEL = "-Onone";
			};
			name = Debug;
		};
		01B14662214D1A0E00FA358C /* Release */ = {
			isa = XCBuildConfiguration;
			buildSettings = {
				ALWAYS_SEARCH_USER_PATHS = NO;
				CLANG_ANALYZER_NONNULL = YES;
				CLANG_ANALYZER_NUMBER_OBJECT_CONVERSION = YES_AGGRESSIVE;
				CLANG_CXX_LANGUAGE_STANDARD = "gnu++14";
				CLANG_CXX_LIBRARY = "libc++";
				CLANG_ENABLE_MODULES = YES;
				CLANG_ENABLE_OBJC_ARC = YES;
				CLANG_ENABLE_OBJC_WEAK = YES;
				CLANG_WARN_BLOCK_CAPTURE_AUTORELEASING = YES;
				CLANG_WARN_BOOL_CONVERSION = YES;
				CLANG_WARN_COMMA = YES;
				CLANG_WARN_CONSTANT_CONVERSION = YES;
				CLANG_WARN_DEPRECATED_OBJC_IMPLEMENTATIONS = YES;
				CLANG_WARN_DIRECT_OBJC_ISA_USAGE = YES_ERROR;
				CLANG_WARN_DOCUMENTATION_COMMENTS = YES;
				CLANG_WARN_EMPTY_BODY = YES;
				CLANG_WARN_ENUM_CONVERSION = YES;
				CLANG_WARN_INFINITE_RECURSION = YES;
				CLANG_WARN_INT_CONVERSION = YES;
				CLANG_WARN_NON_LITERAL_NULL_CONVERSION = YES;
				CLANG_WARN_OBJC_IMPLICIT_RETAIN_SELF = YES;
				CLANG_WARN_OBJC_LITERAL_CONVERSION = YES;
				CLANG_WARN_OBJC_ROOT_CLASS = YES_ERROR;
				CLANG_WARN_RANGE_LOOP_ANALYSIS = YES;
				CLANG_WARN_STRICT_PROTOTYPES = YES;
				CLANG_WARN_SUSPICIOUS_MOVE = YES;
				CLANG_WARN_UNGUARDED_AVAILABILITY = YES_AGGRESSIVE;
				CLANG_WARN_UNREACHABLE_CODE = YES;
				CLANG_WARN__DUPLICATE_METHOD_MATCH = YES;
				CODE_SIGN_IDENTITY = "iPhone Developer";
				COPY_PHASE_STRIP = NO;
				DEBUG_INFORMATION_FORMAT = "dwarf-with-dsym";
				ENABLE_NS_ASSERTIONS = NO;
				ENABLE_STRICT_OBJC_MSGSEND = YES;
				GCC_C_LANGUAGE_STANDARD = gnu11;
				GCC_NO_COMMON_BLOCKS = YES;
				GCC_WARN_64_TO_32_BIT_CONVERSION = YES;
				GCC_WARN_ABOUT_RETURN_TYPE = YES_ERROR;
				GCC_WARN_UNDECLARED_SELECTOR = YES;
				GCC_WARN_UNINITIALIZED_AUTOS = YES_AGGRESSIVE;
				GCC_WARN_UNUSED_FUNCTION = YES;
				GCC_WARN_UNUSED_VARIABLE = YES;
				IPHONEOS_DEPLOYMENT_TARGET = 12.0;
				MTL_ENABLE_DEBUG_INFO = NO;
				MTL_FAST_MATH = YES;
				SDKROOT = iphoneos;
				SWIFT_COMPILATION_MODE = wholemodule;
				SWIFT_OPTIMIZATION_LEVEL = "-O";
				VALIDATE_PRODUCT = YES;
			};
			name = Release;
		};
		01B14664214D1A0E00FA358C /* Debug */ = {
			isa = XCBuildConfiguration;
			buildSettings = {
				ALWAYS_EMBED_SWIFT_STANDARD_LIBRARIES = YES;
				ASSETCATALOG_COMPILER_APPICON_NAME = AppIcon;
				CODE_SIGN_STYLE = Automatic;
				DEVELOPMENT_TEAM = LV4V48ATK9;
				INFOPLIST_FILE = "15-JustEat/Info.plist";
				LD_RUNPATH_SEARCH_PATHS = (
					"$(inherited)",
					"@executable_path/Frameworks",
				);
				PRODUCT_BUNDLE_IDENTIFIER = com.frogames.JustEat;
				PRODUCT_NAME = "$(TARGET_NAME)";
				SWIFT_VERSION = 4.2;
				TARGETED_DEVICE_FAMILY = "1,2";
			};
			name = Debug;
		};
		01B14665214D1A0E00FA358C /* Release */ = {
			isa = XCBuildConfiguration;
			buildSettings = {
				ALWAYS_EMBED_SWIFT_STANDARD_LIBRARIES = YES;
				ASSETCATALOG_COMPILER_APPICON_NAME = AppIcon;
				CODE_SIGN_STYLE = Automatic;
				DEVELOPMENT_TEAM = LV4V48ATK9;
				INFOPLIST_FILE = "15-JustEat/Info.plist";
				LD_RUNPATH_SEARCH_PATHS = (
					"$(inherited)",
					"@executable_path/Frameworks",
				);
				PRODUCT_BUNDLE_IDENTIFIER = com.frogames.JustEat;
				PRODUCT_NAME = "$(TARGET_NAME)";
				SWIFT_VERSION = 4.2;
				TARGETED_DEVICE_FAMILY = "1,2";
			};
			name = Release;
		};
		01B14686214EA51700FA358C /* Debug */ = {
			isa = XCBuildConfiguration;
			buildSettings = {
				CODE_SIGN_STYLE = Automatic;
				DEVELOPMENT_TEAM = LV4V48ATK9;
				INFOPLIST_FILE = Extension/Info.plist;
				LD_RUNPATH_SEARCH_PATHS = (
					"$(inherited)",
					"@executable_path/Frameworks",
					"@executable_path/../../Frameworks",
				);
				PRODUCT_BUNDLE_IDENTIFIER = com.frogames.JustEat.Extension;
				PRODUCT_NAME = "$(TARGET_NAME)";
				SKIP_INSTALL = YES;
				SWIFT_VERSION = 4.2;
				TARGETED_DEVICE_FAMILY = "1,2";
			};
			name = Debug;
		};
		01B14687214EA51700FA358C /* Release */ = {
			isa = XCBuildConfiguration;
			buildSettings = {
				CODE_SIGN_STYLE = Automatic;
				DEVELOPMENT_TEAM = LV4V48ATK9;
				INFOPLIST_FILE = Extension/Info.plist;
				LD_RUNPATH_SEARCH_PATHS = (
					"$(inherited)",
					"@executable_path/Frameworks",
					"@executable_path/../../Frameworks",
				);
				PRODUCT_BUNDLE_IDENTIFIER = com.frogames.JustEat.Extension;
				PRODUCT_NAME = "$(TARGET_NAME)";
				SKIP_INSTALL = YES;
				SWIFT_VERSION = 4.2;
				TARGETED_DEVICE_FAMILY = "1,2";
			};
			name = Release;
		};
/* End XCBuildConfiguration section */

/* Begin XCConfigurationList section */
		01B1464C214D1A0D00FA358C /* Build configuration list for PBXProject "15-JustEat" */ = {
			isa = XCConfigurationList;
			buildConfigurations = (
				01B14661214D1A0E00FA358C /* Debug */,
				01B14662214D1A0E00FA358C /* Release */,
			);
			defaultConfigurationIsVisible = 0;
			defaultConfigurationName = Release;
		};
		01B14663214D1A0E00FA358C /* Build configuration list for PBXNativeTarget "15-JustEat" */ = {
			isa = XCConfigurationList;
			buildConfigurations = (
				01B14664214D1A0E00FA358C /* Debug */,
				01B14665214D1A0E00FA358C /* Release */,
			);
			defaultConfigurationIsVisible = 0;
			defaultConfigurationName = Release;
		};
		01B14685214EA51700FA358C /* Build configuration list for PBXNativeTarget "Extension" */ = {
			isa = XCConfigurationList;
			buildConfigurations = (
				01B14686214EA51700FA358C /* Debug */,
				01B14687214EA51700FA358C /* Release */,
			);
			defaultConfigurationIsVisible = 0;
			defaultConfigurationName = Release;
		};
/* End XCConfigurationList section */
	};
	rootObject = 01B14649214D1A0D00FA358C /* Project object */;
}
