// !$*UTF8*$!
{
	archiveVersion = 1;
	classes = {
	};
	objectVersion = 53;
	objects = {

/* Begin PBXBuildFile section */
		01E8214E21426E3200F1E1FC /* AppDelegate.swift in Sources */ = {isa = PBXBuildFile; fileRef = 01E8214D21426E3200F1E1FC /* AppDelegate.swift */; };
		01E8215221426E3200F1E1FC /* ViewController.swift in Sources */ = {isa = PBXBuildFile; fileRef = 01E8215121426E3200F1E1FC /* ViewController.swift */; };
		01E8215521426E3200F1E1FC /* Main.storyboard in Resources */ = {isa = PBXBuildFile; fileRef = 01E8215321426E3200F1E1FC /* Main.storyboard */; };
		01E8215721426E3400F1E1FC /* Assets.xcassets in Resources */ = {isa = PBXBuildFile; fileRef = 01E8215621426E3400F1E1FC /* Assets.xcassets */; };
		01E8215A21426E3400F1E1FC /* LaunchScreen.storyboard in Resources */ = {isa = PBXBuildFile; fileRef = 01E8215821426E3400F1E1FC /* LaunchScreen.storyboard */; };
		01E82162214270F100F1E1FC /* paintings.json in Resources */ = {isa = PBXBuildFile; fileRef = 01E82161214270F100F1E1FC /* paintings.json */; };
		01E82164214271F100F1E1FC /* Paiting.swift in Sources */ = {isa = PBXBuildFile; fileRef = 01E82163214271F100F1E1FC /* Paiting.swift */; };
		01E82166214282D100F1E1FC /* Extensions.swift in Sources */ = {isa = PBXBuildFile; fileRef = 01E82165214282D100F1E1FC /* Extensions.swift */; };
/* End PBXBuildFile section */

/* Begin PBXFileReference section */
		01E8214A21426E3200F1E1FC /* 14-ARMuseums.app */ = {isa = PBXFileReference; explicitFileType = wrapper.application; includeInIndex = 0; path = "14-ARMuseums.app"; sourceTree = BUILT_PRODUCTS_DIR; };
		01E8214D21426E3200F1E1FC /* AppDelegate.swift */ = {isa = PBXFileReference; lastKnownFileType = sourcecode.swift; path = AppDelegate.swift; sourceTree = "<group>"; };
		01E8215121426E3200F1E1FC /* ViewController.swift */ = {isa = PBXFileReference; lastKnownFileType = sourcecode.swift; path = ViewController.swift; sourceTree = "<group>"; };
		01E8215421426E3200F1E1FC /* Base */ = {isa = PBXFileReference; lastKnownFileType = file.storyboard; name = Base; path = Base.lproj/Main.storyboard; sourceTree = "<group>"; };
		01E8215621426E3400F1E1FC /* Assets.xcassets */ = {isa = PBXFileReference; lastKnownFileType = folder.assetcatalog; path = Assets.xcassets; sourceTree = "<group>"; };
		01E8215921426E3400F1E1FC /* Base */ = {isa = PBXFileReference; lastKnownFileType = file.storyboard; name = Base; path = Base.lproj/LaunchScreen.storyboard; sourceTree = "<group>"; };
		01E8215B21426E3400F1E1FC /* Info.plist */ = {isa = PBXFileReference; lastKnownFileType = text.plist.xml; path = Info.plist; sourceTree = "<group>"; };
		01E82161214270F100F1E1FC /* paintings.json */ = {isa = PBXFileReference; fileEncoding = 4; lastKnownFileType = text.json; path = paintings.json; sourceTree = "<group>"; };
		01E82163214271F100F1E1FC /* Paiting.swift */ = {isa = PBXFileReference; lastKnownFileType = sourcecode.swift; path = Paiting.swift; sourceTree = "<group>"; };
		01E82165214282D100F1E1FC /* Extensions.swift */ = {isa = PBXFileReference; lastKnownFileType = sourcecode.swift; path = Extensions.swift; sourceTree = "<group>"; };
/* End PBXFileReference section */

/* Begin PBXFrameworksBuildPhase section */
		01E8214721426E3200F1E1FC /* Frameworks */ = {
			isa = PBXFrameworksBuildPhase;
			buildActionMask = 2147483647;
			files = (
			);
			runOnlyForDeploymentPostprocessing = 0;
		};
/* End PBXFrameworksBuildPhase section */

/* Begin PBXGroup section */
		01E8214121426E3200F1E1FC = {
			isa = PBXGroup;
			children = (
				01E8214C21426E3200F1E1FC /* 14-ARMuseums */,
				01E8214B21426E3200F1E1FC /* Products */,
			);
			sourceTree = "<group>";
		};
		01E8214B21426E3200F1E1FC /* Products */ = {
			isa = PBXGroup;
			children = (
				01E8214A21426E3200F1E1FC /* 14-ARMuseums.app */,
			);
			name = Products;
			sourceTree = "<group>";
		};
		01E8214C21426E3200F1E1FC /* 14-ARMuseums */ = {
			isa = PBXGroup;
			children = (
				01E8214D21426E3200F1E1FC /* AppDelegate.swift */,
				01E8215121426E3200F1E1FC /* ViewController.swift */,
				01E8215321426E3200F1E1FC /* Main.storyboard */,
				01E8215621426E3400F1E1FC /* Assets.xcassets */,
				01E8215821426E3400F1E1FC /* LaunchScreen.storyboard */,
				01E8215B21426E3400F1E1FC /* Info.plist */,
				01E82161214270F100F1E1FC /* paintings.json */,
				01E82163214271F100F1E1FC /* Paiting.swift */,
				01E82165214282D100F1E1FC /* Extensions.swift */,
			);
			path = "14-ARMuseums";
			sourceTree = "<group>";
		};
/* End PBXGroup section */

/* Begin PBXNativeTarget section */
		01E8214921426E3200F1E1FC /* 14-ARMuseums */ = {
			isa = PBXNativeTarget;
			buildConfigurationList = 01E8215E21426E3400F1E1FC /* Build configuration list for PBXNativeTarget "14-ARMuseums" */;
			buildPhases = (
				01E8214621426E3200F1E1FC /* Sources */,
				01E8214721426E3200F1E1FC /* Frameworks */,
				01E8214821426E3200F1E1FC /* Resources */,
			);
			buildRules = (
			);
			dependencies = (
			);
			name = "14-ARMuseums";
			productName = "14-ARMuseums";
			productReference = 01E8214A21426E3200F1E1FC /* 14-ARMuseums.app */;
			productType = "com.apple.product-type.application";
		};
/* End PBXNativeTarget section */

/* Begin PBXProject section */
		01E8214221426E3200F1E1FC /* Project object */ = {
			isa = PBXProject;
			attributes = {
				BuildIndependentTargetsInParallel = YES;
				LastSwiftUpdateCheck = 1000;
				LastUpgradeCheck = 1430;
				ORGANIZATIONNAME = Frogames;
				TargetAttributes = {
					01E8214921426E3200F1E1FC = {
						CreatedOnToolsVersion = 10.0;
						LastSwiftMigration = "";
					};
				};
			};
			buildConfigurationList = 01E8214521426E3200F1E1FC /* Build configuration list for PBXProject "14-ARMuseums" */;
			compatibilityVersion = "Xcode 9.3";
			developmentRegion = en;
			hasScannedForEncodings = 0;
			knownRegions = (
				en,
				Base,
			);
			mainGroup = 01E8214121426E3200F1E1FC;
			productRefGroup = 01E8214B21426E3200F1E1FC /* Products */;
			projectDirPath = "";
			projectRoot = "";
			targets = (
				01E8214921426E3200F1E1FC /* 14-ARMuseums */,
			);
		};
/* End PBXProject section */

/* Begin PBXResourcesBuildPhase section */
		01E8214821426E3200F1E1FC /* Resources */ = {
			isa = PBXResourcesBuildPhase;
			buildActionMask = 2147483647;
			files = (
				01E8215A21426E3400F1E1FC /* LaunchScreen.storyboard in Resources */,
				01E8215721426E3400F1E1FC /* Assets.xcassets in Resources */,
				01E8215521426E3200F1E1FC /* Main.storyboard in Resources */,
				01E82162214270F100F1E1FC /* paintings.json in Resources */,
			);
			runOnlyForDeploymentPostprocessing = 0;
		};
/* End PBXResourcesBuildPhase section */

/* Begin PBXSourcesBuildPhase section */
		01E8214621426E3200F1E1FC /* Sources */ = {
			isa = PBXSourcesBuildPhase;
			buildActionMask = 2147483647;
			files = (
				01E82164214271F100F1E1FC /* Paiting.swift in Sources */,
				01E8215221426E3200F1E1FC /* ViewController.swift in Sources */,
				01E8214E21426E3200F1E1FC /* AppDelegate.swift in Sources */,
				01E82166214282D100F1E1FC /* Extensions.swift in Sources */,
			);
			runOnlyForDeploymentPostprocessing = 0;
		};
/* End PBXSourcesBuildPhase section */

/* Begin PBXVariantGroup section */
		01E8215321426E3200F1E1FC /* Main.storyboard */ = {
			isa = PBXVariantGroup;
			children = (
				01E8215421426E3200F1E1FC /* Base */,
			);
			name = Main.storyboard;
			sourceTree = "<group>";
		};
		01E8215821426E3400F1E1FC /* LaunchScreen.storyboard */ = {
			isa = PBXVariantGroup;
			children = (
				01E8215921426E3400F1E1FC /* Base */,
			);
			name = LaunchScreen.storyboard;
			sourceTree = "<group>";
		};
/* End PBXVariantGroup section */

/* Begin XCBuildConfiguration section */
		01E8215C21426E3400F1E1FC /* Debug */ = {
			isa = XCBuildConfiguration;
			buildSettings = {
				ALWAYS_SEARCH_USER_PATHS = NO;
				CLANG_ANALYZER_NONNULL = YES;
				CLANG_ANALYZER_NUMBER_OBJECT_CONVERSION = YES_AGGRESSIVE;
				CLANG_CXX_LANGUAGE_STANDARD = "gnu++14";
				CLANG_CXX_LIBRARY = "libc++";
				CLANG_ENABLE_MODULES = YES;
				CLANG_ENABLE_OBJC_ARC = YES;
				CLANG_ENABLE_OBJC_WEAK = YES;
				CLANG_WARN_BLOCK_CAPTURE_AUTORELEASING = YES;
				CLANG_WARN_BOOL_CONVERSION = YES;
				CLANG_WARN_COMMA = YES;
				CLANG_WARN_CONSTANT_CONVERSION = YES;
				CLANG_WARN_DEPRECATED_OBJC_IMPLEMENTATIONS = YES;
				CLANG_WARN_DIRECT_OBJC_ISA_USAGE = YES_ERROR;
				CLANG_WARN_DOCUMENTATION_COMMENTS = YES;
				CLANG_WARN_EMPTY_BODY = YES;
				CLANG_WARN_ENUM_CONVERSION = YES;
				CLANG_WARN_INFINITE_RECURSION = YES;
				CLANG_WARN_INT_CONVERSION = YES;
				CLANG_WARN_NON_LITERAL_NULL_CONVERSION = YES;
				CLANG_WARN_OBJC_IMPLICIT_RETAIN_SELF = YES;
				CLANG_WARN_OBJC_LITERAL_CONVERSION = YES;
				CLANG_WARN_OBJC_ROOT_CLASS = YES_ERROR;
				CLANG_WARN_QUOTED_INCLUDE_IN_FRAMEWORK_HEADER = YES;
				CLANG_WARN_RANGE_LOOP_ANALYSIS = YES;
				CLANG_WARN_STRICT_PROTOTYPES = YES;
				CLANG_WARN_SUSPICIOUS_MOVE = YES;
				CLANG_WARN_UNGUARDED_AVAILABILITY = YES_AGGRESSIVE;
				CLANG_WARN_UNREACHABLE_CODE = YES;
				CLANG_WARN__DUPLICATE_METHOD_MATCH = YES;
				CODE_SIGN_IDENTITY = "iPhone Developer";
				COPY_PHASE_STRIP = NO;
				DEBUG_INFORMATION_FORMAT = dwarf;
				ENABLE_STRICT_OBJC_MSGSEND = YES;
				ENABLE_TESTABILITY = YES;
				GCC_C_LANGUAGE_STANDARD = gnu11;
				GCC_DYNAMIC_NO_PIC = NO;
				GCC_NO_COMMON_BLOCKS = YES;
				GCC_OPTIMIZATION_LEVEL = 0;
				GCC_PREPROCESSOR_DEFINITIONS = (
					"DEBUG=1",
					"$(inherited)",
				);
				GCC_WARN_64_TO_32_BIT_CONVERSION = YES;
				GCC_WARN_ABOUT_RETURN_TYPE = YES_ERROR;
				GCC_WARN_UNDECLARED_SELECTOR = YES;
				GCC_WARN_UNINITIALIZED_AUTOS = YES_AGGRESSIVE;
				GCC_WARN_UNUSED_FUNCTION = YES;
				GCC_WARN_UNUSED_VARIABLE = YES;
				IPHONEOS_DEPLOYMENT_TARGET = 16.4;
				MTL_ENABLE_DEBUG_INFO = INCLUDE_SOURCE;
				MTL_FAST_MATH = YES;
				ONLY_ACTIVE_ARCH = YES;
				SDKROOT = iphoneos;
				SWIFT_ACTIVE_COMPILATION_CONDITIONS = DEBUG;
				SWIFT_OPTIMIZATION_LEVEL = "-Onone";
			};
			name = Debug;
		};
		01E8215D21426E3400F1E1FC /* Release */ = {
			isa = XCBuildConfiguration;
			buildSettings = {
				ALWAYS_SEARCH_USER_PATHS = NO;
				CLANG_ANALYZER_NONNULL = YES;
				CLANG_ANALYZER_NUMBER_OBJECT_CONVERSION = YES_AGGRESSIVE;
				CLANG_CXX_LANGUAGE_STANDARD = "gnu++14";
				CLANG_CXX_LIBRARY = "libc++";
				CLANG_ENABLE_MODULES = YES;
				CLANG_ENABLE_OBJC_ARC = YES;
				CLANG_ENABLE_OBJC_WEAK = YES;
				CLANG_WARN_BLOCK_CAPTURE_AUTORELEASING = YES;
				CLANG_WARN_BOOL_CONVERSION = YES;
				CLANG_WARN_COMMA = YES;
				CLANG_WARN_CONSTANT_CONVERSION = YES;
				CLANG_WARN_DEPRECATED_OBJC_IMPLEMENTATIONS = YES;
				CLANG_WARN_DIRECT_OBJC_ISA_USAGE = YES_ERROR;
				CLANG_WARN_DOCUMENTATION_COMMENTS = YES;
				CLANG_WARN_EMPTY_BODY = YES;
				CLANG_WARN_ENUM_CONVERSION = YES;
				CLANG_WARN_INFINITE_RECURSION = YES;
				CLANG_WARN_INT_CONVERSION = YES;
				CLANG_WARN_NON_LITERAL_NULL_CONVERSION = YES;
				CLANG_WARN_OBJC_IMPLICIT_RETAIN_SELF = YES;
				CLANG_WARN_OBJC_LITERAL_CONVERSION = YES;
				CLANG_WARN_OBJC_ROOT_CLASS = YES_ERROR;
				CLANG_WARN_QUOTED_INCLUDE_IN_FRAMEWORK_HEADER = YES;
				CLANG_WARN_RANGE_LOOP_ANALYSIS = YES;
				CLANG_WARN_STRICT_PROTOTYPES = YES;
				CLANG_WARN_SUSPICIOUS_MOVE = YES;
				CLANG_WARN_UNGUARDED_AVAILABILITY = YES_AGGRESSIVE;
				CLANG_WARN_UNREACHABLE_CODE = YES;
				CLANG_WARN__DUPLICATE_METHOD_MATCH = YES;
				CODE_SIGN_IDENTITY = "iPhone Developer";
				COPY_PHASE_STRIP = NO;
				DEBUG_INFORMATION_FORMAT = "dwarf-with-dsym";
				ENABLE_NS_ASSERTIONS = NO;
				ENABLE_STRICT_OBJC_MSGSEND = YES;
				GCC_C_LANGUAGE_STANDARD = gnu11;
				GCC_NO_COMMON_BLOCKS = YES;
				GCC_WARN_64_TO_32_BIT_CONVERSION = YES;
				GCC_WARN_ABOUT_RETURN_TYPE = YES_ERROR;
				GCC_WARN_UNDECLARED_SELECTOR = YES;
				GCC_WARN_UNINITIALIZED_AUTOS = YES_AGGRESSIVE;
				GCC_WARN_UNUSED_FUNCTION = YES;
				GCC_WARN_UNUSED_VARIABLE = YES;
				IPHONEOS_DEPLOYMENT_TARGET = 16.4;
				MTL_ENABLE_DEBUG_INFO = NO;
				MTL_FAST_MATH = YES;
				SDKROOT = iphoneos;
				SWIFT_COMPILATION_MODE = wholemodule;
				SWIFT_OPTIMIZATION_LEVEL = "-O";
				VALIDATE_PRODUCT = YES;
			};
			name = Release;
		};
		01E8215F21426E3400F1E1FC /* Debug */ = {
			isa = XCBuildConfiguration;
			buildSettings = {
				ASSETCATALOG_COMPILER_APPICON_NAME = AppIcon;
				CODE_SIGN_STYLE = Automatic;
				DEVELOPMENT_TEAM = LV4V48ATK9;
				INFOPLIST_FILE = "14-ARMuseums/Info.plist";
				LD_RUNPATH_SEARCH_PATHS = (
					"$(inherited)",
					"@executable_path/Frameworks",
				);
				PRODUCT_BUNDLE_IDENTIFIER = com.frogames.ARMuseums;
				PRODUCT_NAME = "$(TARGET_NAME)";
				SWIFT_VERSION = 5.0;
				TARGETED_DEVICE_FAMILY = "1,2";
			};
			name = Debug;
		};
		01E8216021426E3400F1E1FC /* Release */ = {
			isa = XCBuildConfiguration;
			buildSettings = {
				ASSETCATALOG_COMPILER_APPICON_NAME = AppIcon;
				CODE_SIGN_STYLE = Automatic;
				DEVELOPMENT_TEAM = LV4V48ATK9;
				INFOPLIST_FILE = "14-ARMuseums/Info.plist";
				LD_RUNPATH_SEARCH_PATHS = (
					"$(inherited)",
					"@executable_path/Frameworks",
				);
				PRODUCT_BUNDLE_IDENTIFIER = com.frogames.ARMuseums;
				PRODUCT_NAME = "$(TARGET_NAME)";
				SWIFT_VERSION = 5.0;
				TARGETED_DEVICE_FAMILY = "1,2";
			};
			name = Release;
		};
/* End XCBuildConfiguration section */

/* Begin XCConfigurationList section */
		01E8214521426E3200F1E1FC /* Build configuration list for PBXProject "14-ARMuseums" */ = {
			isa = XCConfigurationList;
			buildConfigurations = (
				01E8215C21426E3400F1E1FC /* Debug */,
				01E8215D21426E3400F1E1FC /* Release */,
			);
			defaultConfigurationIsVisible = 0;
			defaultConfigurationName = Release;
		};
		01E8215E21426E3400F1E1FC /* Build configuration list for PBXNativeTarget "14-ARMuseums" */ = {
			isa = XCConfigurationList;
			buildConfigurations = (
				01E8215F21426E3400F1E1FC /* Debug */,
				01E8216021426E3400F1E1FC /* Release */,
			);
			defaultConfigurationIsVisible = 0;
			defaultConfigurationName = Release;
		};
/* End XCConfigurationList section */
	};
	rootObject = 01E8214221426E3200F1E1FC /* Project object */;
}
